
Microsoft Visual Studio Solution File, Format Version 12.00
# Visual Studio 2012
Project("{FAE04EC0-301F-11D3-BF4B-00C04F79EFBC}") = "msdnsimport", "msdnsimport.csproj", "{9018269C-D6D0-447C-9288-318F42C49980}"
EndProject
Global
	GlobalSection(SolutionConfigurationPlatforms) = preSolution
		Debug|Any CPU = Debug|Any CPU
		Release|Any CPU = Release|Any CPU
	EndGlobalSection
	GlobalSection(ProjectConfigurationPlatforms) = postSolution
		{9018269C-D6D0-447C-9288-318F42C49980}.Debug|Any CPU.ActiveCfg = Debug|Any CPU
		{9018269C-D6D0-447C-9288-318F42C49980}.Debug|Any CPU.Build.0 = Debug|Any CPU
		{9018269C-D6D0-447C-9288-318F42C49980}.Release|Any CPU.ActiveCfg = Release|Any CPU
		{9018269C-D6D0-447C-9288-318F42C49980}.Release|Any CPU.Build.0 = Release|Any CPU
	EndGlobalSection
	GlobalSection(SolutionProperties) = preSolution
		HideSolutionNode = FALSE
	EndGlobalSection
EndGlobal
